
Microsoft Visual Studio Solution File, Format Version 12.00
Project("{FAE04EC0-301F-11D3-BF4B-00C04F79EFBC}") = "MagicVilla.API", "MagicVilla.API\MagicVilla.API.csproj", "{A2CA75D6-668D-432F-A6C3-BD16732FD0C1}"
EndProject
Global
	GlobalSection(SolutionConfigurationPlatforms) = preSolution
		Debug|Any CPU = Debug|Any CPU
		Release|Any CPU = Release|Any CPU
	EndGlobalSection
	GlobalSection(ProjectConfigurationPlatforms) = postSolution
		{A2CA75D6-668D-432F-A6C3-BD16732FD0C1}.Debug|Any CPU.ActiveCfg = Debug|Any CPU
		{A2CA75D6-668D-432F-A6C3-BD16732FD0C1}.Debug|Any CPU.Build.0 = Debug|Any CPU
		{A2CA75D6-668D-432F-A6C3-BD16732FD0C1}.Release|Any CPU.ActiveCfg = Release|Any CPU
		{A2CA75D6-668D-432F-A6C3-BD16732FD0C1}.Release|Any CPU.Build.0 = Release|Any CPU
	EndGlobalSection
EndGlobal
